
Microsoft Visual Studio Solution File, Format Version 12.00
# Visual Studio 15
VisualStudioVersion = 15.0.28010.2046
MinimumVisualStudioVersion = 10.0.40219.1
Project("{FAE04EC0-301F-11D3-BF4B-00C04F79EFBC}") = "01. Majestim.App", "Majestim.Application\01. Majestim.App.csproj", "{117D1114-B44B-4798-A840-6E4B22909876}"
EndProject
Project("{FAE04EC0-301F-11D3-BF4B-00C04F79EFBC}") = "02. Majestim.UI", "Majestim.UI\02. Majestim.UI.csproj", "{995A7285-1C8E-41E6-B879-C29D5F9BBEE6}"
EndProject
Project("{FAE04EC0-301F-11D3-BF4B-00C04F79EFBC}") = "05. Majestim.Presenters", "Majestim.Presenters\05. Majestim.Presenters.csproj", "{EC8CE22D-00C3-4A5B-967D-FD1E860A012E}"
EndProject
Project("{FAE04EC0-301F-11D3-BF4B-00C04F79EFBC}") = "06. Majestim.BL", "Majestim.BL\06. Majestim.BL.csproj", "{A91BF5C3-E8F9-4F8C-B661-135AFB9E7FA2}"
EndProject
Project("{FAE04EC0-301F-11D3-BF4B-00C04F79EFBC}") = "08. Majestim.DAL", "Majestim.DAL\08. Majestim.DAL.csproj", "{BD2D5C47-167E-44D9-AD52-B19EE1003F38}"
EndProject
Project("{FAE04EC0-301F-11D3-BF4B-00C04F79EFBC}") = "90. Majestim._Console", "Majestim._Console\90. Majestim._Console.csproj", "{5EE3144A-4C43-4F95-B8F5-48DE87B45697}"
EndProject
Project("{FAE04EC0-301F-11D3-BF4B-00C04F79EFBC}") = "91. Majestim._TestObjectListView", "Majestim._TestObjectListView\91. Majestim._TestObjectListView.csproj", "{26278182-2ECB-42C0-844D-322F8486849F}"
EndProject
Project("{FAE04EC0-301F-11D3-BF4B-00C04F79EFBC}") = "22. Majestim.Component.Toaster", "Majestim.Component.Toaster\22. Majestim.Component.Toaster.csproj", "{380D8D88-386C-4C50-9A54-800F79FDF7D2}"
EndProject
Project("{FAE04EC0-301F-11D3-BF4B-00C04F79EFBC}") = "09. Majestim.DTO", "Majestim.DTO\09. Majestim.DTO.csproj", "{2C58D107-0992-4F8A-B373-8EFABF285232}"
EndProject
Project("{FAE04EC0-301F-11D3-BF4B-00C04F79EFBC}") = "11. Majestim.View.Interface", "Majestim.View.Interface\11. Majestim.View.Interface.csproj", "{8B327758-2D12-4E3E-AF57-87BB4EBD67B5}"
EndProject
Project("{FAE04EC0-301F-11D3-BF4B-00C04F79EFBC}") = "13. Majestim.BL.Interface", "Majestim.BL.Interface\13. Majestim.BL.Interface.csproj", "{89D117E6-7636-49A7-A181-B8724EBA823B}"
EndProject
Project("{FAE04EC0-301F-11D3-BF4B-00C04F79EFBC}") = "14. Majestim.DAL.Interface", "Majestim.DAL.Interface\14. Majestim.DAL.Interface.csproj", "{056679EB-9120-49BD-BB4B-64889A61BB52}"
EndProject
Project("{FAE04EC0-301F-11D3-BF4B-00C04F79EFBC}") = "15. Majestim.Interface", "Majestim.Interface\15. Majestim.Interface.csproj", "{D918CADC-E0F6-4058-BA5E-0322A43AB40B}"
EndProject
Project("{FAE04EC0-301F-11D3-BF4B-00C04F79EFBC}") = "10. Majestim.DTO.Enum", "Majestim.DTO.Enum\10. Majestim.DTO.Enum.csproj", "{55DD9458-3677-4231-A118-D129061B5B0F}"
EndProject
Project("{FAE04EC0-301F-11D3-BF4B-00C04F79EFBC}") = "07. Majestim.BO", "Majestim.BO\07. Majestim.BO.csproj", "{E3286762-DDB5-4A2D-8284-31CE0F99B750}"
EndProject
Project("{FAE04EC0-301F-11D3-BF4B-00C04F79EFBC}") = "04. Majestim.UI.ThemeExcel", "Majestim.UI.ThemeExcel\04. Majestim.UI.ThemeExcel.csproj", "{5CEE9D97-ABBB-4248-A63D-E02D74461D44}"
EndProject
Project("{FAE04EC0-301F-11D3-BF4B-00C04F79EFBC}") = "12. Majestim.Mapper", "Majestim.Mapper\12. Majestim.Mapper.csproj", "{5126004E-70E5-45EB-962C-343E03D9C139}"
EndProject
Project("{FAE04EC0-301F-11D3-BF4B-00C04F79EFBC}") = "03. Majestim.UI.Command", "Majestim.UI.Command\03. Majestim.UI.Command.csproj", "{09241D17-559B-4968-9EAB-2F4E0FC93F80}"
EndProject
Project("{FAE04EC0-301F-11D3-BF4B-00C04F79EFBC}") = "21. Majestim.Helper", "Majestim.Helper\21. Majestim.Helper.csproj", "{D0F7DE12-FDD1-4F9E-9D2B-6F9AD0F49DA8}"
EndProject
Project("{FAE04EC0-301F-11D3-BF4B-00C04F79EFBC}") = "92. Majestim._Form", "Majestim._Form\92. Majestim._Form.csproj", "{04FFE959-4145-4669-B51B-B29E4D0F5B45}"
EndProject
Project("{FAE04EC0-301F-11D3-BF4B-00C04F79EFBC}") = "30. Majestim.Web.UI", "Majestim.Web.UI\30. Majestim.Web.UI.csproj", "{28E0B463-0566-44FC-8D9B-4D3FCBC05C8E}"
EndProject
Project("{FAE04EC0-301F-11D3-BF4B-00C04F79EFBC}") = "50. Common.Blocks", "Common.Blocks\50. Common.Blocks.csproj", "{F5695397-7EA9-4A54-BD45-53A0823FB119}"
EndProject
Project("{FAE04EC0-301F-11D3-BF4B-00C04F79EFBC}") = "31. Majestim.Web.UI.Interface", "Majestim.Web.UI.Interface\31. Majestim.Web.UI.Interface.csproj", "{57C873C2-CDFF-4E7C-907D-DFEBE995C2CE}"
EndProject
Project("{FAE04EC0-301F-11D3-BF4B-00C04F79EFBC}") = "93. Majestim._TestBlocks", "Majestim._TestBlocks\93. Majestim._TestBlocks.csproj", "{0E188AF1-DC78-4070-A305-94ACD7747E67}"
EndProject
Project("{FAE04EC0-301F-11D3-BF4B-00C04F79EFBC}") = "32. Majestim.WebAPI", "Majestim.WebAPI\32. Majestim.WebAPI.csproj", "{39A79A52-A69E-4A85-AC77-3B3B57F4A43F}"
EndProject
Global
	GlobalSection(SolutionConfigurationPlatforms) = preSolution
		Debug|Any CPU = Debug|Any CPU
		Debug|x86 = Debug|x86
		Release|Any CPU = Release|Any CPU
		Release|x86 = Release|x86
	EndGlobalSection
	GlobalSection(ProjectConfigurationPlatforms) = postSolution
		{117D1114-B44B-4798-A840-6E4B22909876}.Debug|Any CPU.ActiveCfg = Debug|Any CPU
		{117D1114-B44B-4798-A840-6E4B22909876}.Debug|Any CPU.Build.0 = Debug|Any CPU
		{117D1114-B44B-4798-A840-6E4B22909876}.Debug|x86.ActiveCfg = Debug|Any CPU
		{117D1114-B44B-4798-A840-6E4B22909876}.Debug|x86.Build.0 = Debug|Any CPU
		{117D1114-B44B-4798-A840-6E4B22909876}.Release|Any CPU.ActiveCfg = Release|Any CPU
		{117D1114-B44B-4798-A840-6E4B22909876}.Release|Any CPU.Build.0 = Release|Any CPU
		{117D1114-B44B-4798-A840-6E4B22909876}.Release|x86.ActiveCfg = Release|Any CPU
		{117D1114-B44B-4798-A840-6E4B22909876}.Release|x86.Build.0 = Release|Any CPU
		{995A7285-1C8E-41E6-B879-C29D5F9BBEE6}.Debug|Any CPU.ActiveCfg = Debug|Any CPU
		{995A7285-1C8E-41E6-B879-C29D5F9BBEE6}.Debug|Any CPU.Build.0 = Debug|Any CPU
		{995A7285-1C8E-41E6-B879-C29D5F9BBEE6}.Debug|x86.ActiveCfg = Debug|Any CPU
		{995A7285-1C8E-41E6-B879-C29D5F9BBEE6}.Debug|x86.Build.0 = Debug|Any CPU
		{995A7285-1C8E-41E6-B879-C29D5F9BBEE6}.Release|Any CPU.ActiveCfg = Release|Any CPU
		{995A7285-1C8E-41E6-B879-C29D5F9BBEE6}.Release|Any CPU.Build.0 = Release|Any CPU
		{995A7285-1C8E-41E6-B879-C29D5F9BBEE6}.Release|x86.ActiveCfg = Release|Any CPU
		{995A7285-1C8E-41E6-B879-C29D5F9BBEE6}.Release|x86.Build.0 = Release|Any CPU
		{EC8CE22D-00C3-4A5B-967D-FD1E860A012E}.Debug|Any CPU.ActiveCfg = Debug|Any CPU
		{EC8CE22D-00C3-4A5B-967D-FD1E860A012E}.Debug|Any CPU.Build.0 = Debug|Any CPU
		{EC8CE22D-00C3-4A5B-967D-FD1E860A012E}.Debug|x86.ActiveCfg = Debug|Any CPU
		{EC8CE22D-00C3-4A5B-967D-FD1E860A012E}.Debug|x86.Build.0 = Debug|Any CPU
		{EC8CE22D-00C3-4A5B-967D-FD1E860A012E}.Release|Any CPU.ActiveCfg = Release|Any CPU
		{EC8CE22D-00C3-4A5B-967D-FD1E860A012E}.Release|Any CPU.Build.0 = Release|Any CPU
		{EC8CE22D-00C3-4A5B-967D-FD1E860A012E}.Release|x86.ActiveCfg = Release|Any CPU
		{EC8CE22D-00C3-4A5B-967D-FD1E860A012E}.Release|x86.Build.0 = Release|Any CPU
		{A91BF5C3-E8F9-4F8C-B661-135AFB9E7FA2}.Debug|Any CPU.ActiveCfg = Debug|Any CPU
		{A91BF5C3-E8F9-4F8C-B661-135AFB9E7FA2}.Debug|Any CPU.Build.0 = Debug|Any CPU
		{A91BF5C3-E8F9-4F8C-B661-135AFB9E7FA2}.Debug|x86.ActiveCfg = Debug|Any CPU
		{A91BF5C3-E8F9-4F8C-B661-135AFB9E7FA2}.Debug|x86.Build.0 = Debug|Any CPU
		{A91BF5C3-E8F9-4F8C-B661-135AFB9E7FA2}.Release|Any CPU.ActiveCfg = Release|Any CPU
		{A91BF5C3-E8F9-4F8C-B661-135AFB9E7FA2}.Release|Any CPU.Build.0 = Release|Any CPU
		{A91BF5C3-E8F9-4F8C-B661-135AFB9E7FA2}.Release|x86.ActiveCfg = Release|Any CPU
		{A91BF5C3-E8F9-4F8C-B661-135AFB9E7FA2}.Release|x86.Build.0 = Release|Any CPU
		{BD2D5C47-167E-44D9-AD52-B19EE1003F38}.Debug|Any CPU.ActiveCfg = Debug|Any CPU
		{BD2D5C47-167E-44D9-AD52-B19EE1003F38}.Debug|Any CPU.Build.0 = Debug|Any CPU
		{BD2D5C47-167E-44D9-AD52-B19EE1003F38}.Debug|x86.ActiveCfg = Debug|Any CPU
		{BD2D5C47-167E-44D9-AD52-B19EE1003F38}.Debug|x86.Build.0 = Debug|Any CPU
		{BD2D5C47-167E-44D9-AD52-B19EE1003F38}.Release|Any CPU.ActiveCfg = Release|Any CPU
		{BD2D5C47-167E-44D9-AD52-B19EE1003F38}.Release|Any CPU.Build.0 = Release|Any CPU
		{BD2D5C47-167E-44D9-AD52-B19EE1003F38}.Release|x86.ActiveCfg = Release|Any CPU
		{BD2D5C47-167E-44D9-AD52-B19EE1003F38}.Release|x86.Build.0 = Release|Any CPU
		{5EE3144A-4C43-4F95-B8F5-48DE87B45697}.Debug|Any CPU.ActiveCfg = Debug|Any CPU
		{5EE3144A-4C43-4F95-B8F5-48DE87B45697}.Debug|Any CPU.Build.0 = Debug|Any CPU
		{5EE3144A-4C43-4F95-B8F5-48DE87B45697}.Debug|x86.ActiveCfg = Debug|Any CPU
		{5EE3144A-4C43-4F95-B8F5-48DE87B45697}.Debug|x86.Build.0 = Debug|Any CPU
		{5EE3144A-4C43-4F95-B8F5-48DE87B45697}.Release|Any CPU.ActiveCfg = Release|Any CPU
		{5EE3144A-4C43-4F95-B8F5-48DE87B45697}.Release|Any CPU.Build.0 = Release|Any CPU
		{5EE3144A-4C43-4F95-B8F5-48DE87B45697}.Release|x86.ActiveCfg = Release|Any CPU
		{5EE3144A-4C43-4F95-B8F5-48DE87B45697}.Release|x86.Build.0 = Release|Any CPU
		{26278182-2ECB-42C0-844D-322F8486849F}.Debug|Any CPU.ActiveCfg = Debug|Any CPU
		{26278182-2ECB-42C0-844D-322F8486849F}.Debug|Any CPU.Build.0 = Debug|Any CPU
		{26278182-2ECB-42C0-844D-322F8486849F}.Debug|x86.ActiveCfg = Debug|Any CPU
		{26278182-2ECB-42C0-844D-322F8486849F}.Debug|x86.Build.0 = Debug|Any CPU
		{26278182-2ECB-42C0-844D-322F8486849F}.Release|Any CPU.ActiveCfg = Release|Any CPU
		{26278182-2ECB-42C0-844D-322F8486849F}.Release|Any CPU.Build.0 = Release|Any CPU
		{26278182-2ECB-42C0-844D-322F8486849F}.Release|x86.ActiveCfg = Release|Any CPU
		{26278182-2ECB-42C0-844D-322F8486849F}.Release|x86.Build.0 = Release|Any CPU
		{380D8D88-386C-4C50-9A54-800F79FDF7D2}.Debug|Any CPU.ActiveCfg = Debug|x86
		{380D8D88-386C-4C50-9A54-800F79FDF7D2}.Debug|Any CPU.Build.0 = Debug|x86
		{380D8D88-386C-4C50-9A54-800F79FDF7D2}.Debug|x86.ActiveCfg = Debug|x86
		{380D8D88-386C-4C50-9A54-800F79FDF7D2}.Debug|x86.Build.0 = Debug|x86
		{380D8D88-386C-4C50-9A54-800F79FDF7D2}.Release|Any CPU.ActiveCfg = Release|x86
		{380D8D88-386C-4C50-9A54-800F79FDF7D2}.Release|x86.ActiveCfg = Release|x86
		{380D8D88-386C-4C50-9A54-800F79FDF7D2}.Release|x86.Build.0 = Release|x86
		{2C58D107-0992-4F8A-B373-8EFABF285232}.Debug|Any CPU.ActiveCfg = Debug|Any CPU
		{2C58D107-0992-4F8A-B373-8EFABF285232}.Debug|Any CPU.Build.0 = Debug|Any CPU
		{2C58D107-0992-4F8A-B373-8EFABF285232}.Debug|x86.ActiveCfg = Debug|Any CPU
		{2C58D107-0992-4F8A-B373-8EFABF285232}.Debug|x86.Build.0 = Debug|Any CPU
		{2C58D107-0992-4F8A-B373-8EFABF285232}.Release|Any CPU.ActiveCfg = Release|Any CPU
		{2C58D107-0992-4F8A-B373-8EFABF285232}.Release|Any CPU.Build.0 = Release|Any CPU
		{2C58D107-0992-4F8A-B373-8EFABF285232}.Release|x86.ActiveCfg = Release|Any CPU
		{2C58D107-0992-4F8A-B373-8EFABF285232}.Release|x86.Build.0 = Release|Any CPU
		{8B327758-2D12-4E3E-AF57-87BB4EBD67B5}.Debug|Any CPU.ActiveCfg = Debug|Any CPU
		{8B327758-2D12-4E3E-AF57-87BB4EBD67B5}.Debug|Any CPU.Build.0 = Debug|Any CPU
		{8B327758-2D12-4E3E-AF57-87BB4EBD67B5}.Debug|x86.ActiveCfg = Debug|Any CPU
		{8B327758-2D12-4E3E-AF57-87BB4EBD67B5}.Debug|x86.Build.0 = Debug|Any CPU
		{8B327758-2D12-4E3E-AF57-87BB4EBD67B5}.Release|Any CPU.ActiveCfg = Release|Any CPU
		{8B327758-2D12-4E3E-AF57-87BB4EBD67B5}.Release|Any CPU.Build.0 = Release|Any CPU
		{8B327758-2D12-4E3E-AF57-87BB4EBD67B5}.Release|x86.ActiveCfg = Release|Any CPU
		{8B327758-2D12-4E3E-AF57-87BB4EBD67B5}.Release|x86.Build.0 = Release|Any CPU
		{89D117E6-7636-49A7-A181-B8724EBA823B}.Debug|Any CPU.ActiveCfg = Debug|Any CPU
		{89D117E6-7636-49A7-A181-B8724EBA823B}.Debug|Any CPU.Build.0 = Debug|Any CPU
		{89D117E6-7636-49A7-A181-B8724EBA823B}.Debug|x86.ActiveCfg = Debug|Any CPU
		{89D117E6-7636-49A7-A181-B8724EBA823B}.Debug|x86.Build.0 = Debug|Any CPU
		{89D117E6-7636-49A7-A181-B8724EBA823B}.Release|Any CPU.ActiveCfg = Release|Any CPU
		{89D117E6-7636-49A7-A181-B8724EBA823B}.Release|Any CPU.Build.0 = Release|Any CPU
		{89D117E6-7636-49A7-A181-B8724EBA823B}.Release|x86.ActiveCfg = Release|Any CPU
		{89D117E6-7636-49A7-A181-B8724EBA823B}.Release|x86.Build.0 = Release|Any CPU
		{056679EB-9120-49BD-BB4B-64889A61BB52}.Debug|Any CPU.ActiveCfg = Debug|Any CPU
		{056679EB-9120-49BD-BB4B-64889A61BB52}.Debug|Any CPU.Build.0 = Debug|Any CPU
		{056679EB-9120-49BD-BB4B-64889A61BB52}.Debug|x86.ActiveCfg = Debug|Any CPU
		{056679EB-9120-49BD-BB4B-64889A61BB52}.Debug|x86.Build.0 = Debug|Any CPU
		{056679EB-9120-49BD-BB4B-64889A61BB52}.Release|Any CPU.ActiveCfg = Release|Any CPU
		{056679EB-9120-49BD-BB4B-64889A61BB52}.Release|Any CPU.Build.0 = Release|Any CPU
		{056679EB-9120-49BD-BB4B-64889A61BB52}.Release|x86.ActiveCfg = Release|Any CPU
		{056679EB-9120-49BD-BB4B-64889A61BB52}.Release|x86.Build.0 = Release|Any CPU
		{D918CADC-E0F6-4058-BA5E-0322A43AB40B}.Debug|Any CPU.ActiveCfg = Debug|Any CPU
		{D918CADC-E0F6-4058-BA5E-0322A43AB40B}.Debug|Any CPU.Build.0 = Debug|Any CPU
		{D918CADC-E0F6-4058-BA5E-0322A43AB40B}.Debug|x86.ActiveCfg = Debug|Any CPU
		{D918CADC-E0F6-4058-BA5E-0322A43AB40B}.Debug|x86.Build.0 = Debug|Any CPU
		{D918CADC-E0F6-4058-BA5E-0322A43AB40B}.Release|Any CPU.ActiveCfg = Release|Any CPU
		{D918CADC-E0F6-4058-BA5E-0322A43AB40B}.Release|Any CPU.Build.0 = Release|Any CPU
		{D918CADC-E0F6-4058-BA5E-0322A43AB40B}.Release|x86.ActiveCfg = Release|Any CPU
		{D918CADC-E0F6-4058-BA5E-0322A43AB40B}.Release|x86.Build.0 = Release|Any CPU
		{55DD9458-3677-4231-A118-D129061B5B0F}.Debug|Any CPU.ActiveCfg = Debug|Any CPU
		{55DD9458-3677-4231-A118-D129061B5B0F}.Debug|Any CPU.Build.0 = Debug|Any CPU
		{55DD9458-3677-4231-A118-D129061B5B0F}.Debug|x86.ActiveCfg = Debug|Any CPU
		{55DD9458-3677-4231-A118-D129061B5B0F}.Debug|x86.Build.0 = Debug|Any CPU
		{55DD9458-3677-4231-A118-D129061B5B0F}.Release|Any CPU.ActiveCfg = Release|Any CPU
		{55DD9458-3677-4231-A118-D129061B5B0F}.Release|Any CPU.Build.0 = Release|Any CPU
		{55DD9458-3677-4231-A118-D129061B5B0F}.Release|x86.ActiveCfg = Release|Any CPU
		{55DD9458-3677-4231-A118-D129061B5B0F}.Release|x86.Build.0 = Release|Any CPU
		{E3286762-DDB5-4A2D-8284-31CE0F99B750}.Debug|Any CPU.ActiveCfg = Debug|Any CPU
		{E3286762-DDB5-4A2D-8284-31CE0F99B750}.Debug|Any CPU.Build.0 = Debug|Any CPU
		{E3286762-DDB5-4A2D-8284-31CE0F99B750}.Debug|x86.ActiveCfg = Debug|Any CPU
		{E3286762-DDB5-4A2D-8284-31CE0F99B750}.Debug|x86.Build.0 = Debug|Any CPU
		{E3286762-DDB5-4A2D-8284-31CE0F99B750}.Release|Any CPU.ActiveCfg = Release|Any CPU
		{E3286762-DDB5-4A2D-8284-31CE0F99B750}.Release|Any CPU.Build.0 = Release|Any CPU
		{E3286762-DDB5-4A2D-8284-31CE0F99B750}.Release|x86.ActiveCfg = Release|Any CPU
		{E3286762-DDB5-4A2D-8284-31CE0F99B750}.Release|x86.Build.0 = Release|Any CPU
		{5CEE9D97-ABBB-4248-A63D-E02D74461D44}.Debug|Any CPU.ActiveCfg = Debug|Any CPU
		{5CEE9D97-ABBB-4248-A63D-E02D74461D44}.Debug|Any CPU.Build.0 = Debug|Any CPU
		{5CEE9D97-ABBB-4248-A63D-E02D74461D44}.Debug|x86.ActiveCfg = Debug|Any CPU
		{5CEE9D97-ABBB-4248-A63D-E02D74461D44}.Debug|x86.Build.0 = Debug|Any CPU
		{5CEE9D97-ABBB-4248-A63D-E02D74461D44}.Release|Any CPU.ActiveCfg = Release|Any CPU
		{5CEE9D97-ABBB-4248-A63D-E02D74461D44}.Release|Any CPU.Build.0 = Release|Any CPU
		{5CEE9D97-ABBB-4248-A63D-E02D74461D44}.Release|x86.ActiveCfg = Release|Any CPU
		{5CEE9D97-ABBB-4248-A63D-E02D74461D44}.Release|x86.Build.0 = Release|Any CPU
		{5126004E-70E5-45EB-962C-343E03D9C139}.Debug|Any CPU.ActiveCfg = Debug|Any CPU
		{5126004E-70E5-45EB-962C-343E03D9C139}.Debug|Any CPU.Build.0 = Debug|Any CPU
		{5126004E-70E5-45EB-962C-343E03D9C139}.Debug|x86.ActiveCfg = Debug|Any CPU
		{5126004E-70E5-45EB-962C-343E03D9C139}.Debug|x86.Build.0 = Debug|Any CPU
		{5126004E-70E5-45EB-962C-343E03D9C139}.Release|Any CPU.ActiveCfg = Release|Any CPU
		{5126004E-70E5-45EB-962C-343E03D9C139}.Release|Any CPU.Build.0 = Release|Any CPU
		{5126004E-70E5-45EB-962C-343E03D9C139}.Release|x86.ActiveCfg = Release|Any CPU
		{5126004E-70E5-45EB-962C-343E03D9C139}.Release|x86.Build.0 = Release|Any CPU
		{09241D17-559B-4968-9EAB-2F4E0FC93F80}.Debug|Any CPU.ActiveCfg = Debug|Any CPU
		{09241D17-559B-4968-9EAB-2F4E0FC93F80}.Debug|Any CPU.Build.0 = Debug|Any CPU
		{09241D17-559B-4968-9EAB-2F4E0FC93F80}.Debug|x86.ActiveCfg = Debug|Any CPU
		{09241D17-559B-4968-9EAB-2F4E0FC93F80}.Debug|x86.Build.0 = Debug|Any CPU
		{09241D17-559B-4968-9EAB-2F4E0FC93F80}.Release|Any CPU.ActiveCfg = Release|Any CPU
		{09241D17-559B-4968-9EAB-2F4E0FC93F80}.Release|Any CPU.Build.0 = Release|Any CPU
		{09241D17-559B-4968-9EAB-2F4E0FC93F80}.Release|x86.ActiveCfg = Release|Any CPU
		{09241D17-559B-4968-9EAB-2F4E0FC93F80}.Release|x86.Build.0 = Release|Any CPU
		{D0F7DE12-FDD1-4F9E-9D2B-6F9AD0F49DA8}.Debug|Any CPU.ActiveCfg = Debug|Any CPU
		{D0F7DE12-FDD1-4F9E-9D2B-6F9AD0F49DA8}.Debug|Any CPU.Build.0 = Debug|Any CPU
		{D0F7DE12-FDD1-4F9E-9D2B-6F9AD0F49DA8}.Debug|x86.ActiveCfg = Debug|Any CPU
		{D0F7DE12-FDD1-4F9E-9D2B-6F9AD0F49DA8}.Debug|x86.Build.0 = Debug|Any CPU
		{D0F7DE12-FDD1-4F9E-9D2B-6F9AD0F49DA8}.Release|Any CPU.ActiveCfg = Release|Any CPU
		{D0F7DE12-FDD1-4F9E-9D2B-6F9AD0F49DA8}.Release|Any CPU.Build.0 = Release|Any CPU
		{D0F7DE12-FDD1-4F9E-9D2B-6F9AD0F49DA8}.Release|x86.ActiveCfg = Release|Any CPU
		{D0F7DE12-FDD1-4F9E-9D2B-6F9AD0F49DA8}.Release|x86.Build.0 = Release|Any CPU
		{04FFE959-4145-4669-B51B-B29E4D0F5B45}.Debug|Any CPU.ActiveCfg = Debug|Any CPU
		{04FFE959-4145-4669-B51B-B29E4D0F5B45}.Debug|Any CPU.Build.0 = Debug|Any CPU
		{04FFE959-4145-4669-B51B-B29E4D0F5B45}.Debug|x86.ActiveCfg = Debug|Any CPU
		{04FFE959-4145-4669-B51B-B29E4D0F5B45}.Debug|x86.Build.0 = Debug|Any CPU
		{04FFE959-4145-4669-B51B-B29E4D0F5B45}.Release|Any CPU.ActiveCfg = Release|Any CPU
		{04FFE959-4145-4669-B51B-B29E4D0F5B45}.Release|Any CPU.Build.0 = Release|Any CPU
		{04FFE959-4145-4669-B51B-B29E4D0F5B45}.Release|x86.ActiveCfg = Release|Any CPU
		{04FFE959-4145-4669-B51B-B29E4D0F5B45}.Release|x86.Build.0 = Release|Any CPU
		{28E0B463-0566-44FC-8D9B-4D3FCBC05C8E}.Debug|Any CPU.ActiveCfg = Debug|Any CPU
		{28E0B463-0566-44FC-8D9B-4D3FCBC05C8E}.Debug|Any CPU.Build.0 = Debug|Any CPU
		{28E0B463-0566-44FC-8D9B-4D3FCBC05C8E}.Debug|x86.ActiveCfg = Debug|Any CPU
		{28E0B463-0566-44FC-8D9B-4D3FCBC05C8E}.Debug|x86.Build.0 = Debug|Any CPU
		{28E0B463-0566-44FC-8D9B-4D3FCBC05C8E}.Release|Any CPU.ActiveCfg = Release|Any CPU
		{28E0B463-0566-44FC-8D9B-4D3FCBC05C8E}.Release|Any CPU.Build.0 = Release|Any CPU
		{28E0B463-0566-44FC-8D9B-4D3FCBC05C8E}.Release|x86.ActiveCfg = Release|Any CPU
		{28E0B463-0566-44FC-8D9B-4D3FCBC05C8E}.Release|x86.Build.0 = Release|Any CPU
		{F5695397-7EA9-4A54-BD45-53A0823FB119}.Debug|Any CPU.ActiveCfg = Debug|Any CPU
		{F5695397-7EA9-4A54-BD45-53A0823FB119}.Debug|Any CPU.Build.0 = Debug|Any CPU
		{F5695397-7EA9-4A54-BD45-53A0823FB119}.Debug|x86.ActiveCfg = Debug|Any CPU
		{F5695397-7EA9-4A54-BD45-53A0823FB119}.Debug|x86.Build.0 = Debug|Any CPU
		{F5695397-7EA9-4A54-BD45-53A0823FB119}.Release|Any CPU.ActiveCfg = Release|Any CPU
		{F5695397-7EA9-4A54-BD45-53A0823FB119}.Release|Any CPU.Build.0 = Release|Any CPU
		{F5695397-7EA9-4A54-BD45-53A0823FB119}.Release|x86.ActiveCfg = Release|Any CPU
		{F5695397-7EA9-4A54-BD45-53A0823FB119}.Release|x86.Build.0 = Release|Any CPU
		{57C873C2-CDFF-4E7C-907D-DFEBE995C2CE}.Debug|Any CPU.ActiveCfg = Debug|Any CPU
		{57C873C2-CDFF-4E7C-907D-DFEBE995C2CE}.Debug|Any CPU.Build.0 = Debug|Any CPU
		{57C873C2-CDFF-4E7C-907D-DFEBE995C2CE}.Debug|x86.ActiveCfg = Debug|Any CPU
		{57C873C2-CDFF-4E7C-907D-DFEBE995C2CE}.Debug|x86.Build.0 = Debug|Any CPU
		{57C873C2-CDFF-4E7C-907D-DFEBE995C2CE}.Release|Any CPU.ActiveCfg = Release|Any CPU
		{57C873C2-CDFF-4E7C-907D-DFEBE995C2CE}.Release|Any CPU.Build.0 = Release|Any CPU
		{57C873C2-CDFF-4E7C-907D-DFEBE995C2CE}.Release|x86.ActiveCfg = Release|Any CPU
		{57C873C2-CDFF-4E7C-907D-DFEBE995C2CE}.Release|x86.Build.0 = Release|Any CPU
		{0E188AF1-DC78-4070-A305-94ACD7747E67}.Debug|Any CPU.ActiveCfg = Debug|Any CPU
		{0E188AF1-DC78-4070-A305-94ACD7747E67}.Debug|Any CPU.Build.0 = Debug|Any CPU
		{0E188AF1-DC78-4070-A305-94ACD7747E67}.Debug|x86.ActiveCfg = Debug|Any CPU
		{0E188AF1-DC78-4070-A305-94ACD7747E67}.Debug|x86.Build.0 = Debug|Any CPU
		{0E188AF1-DC78-4070-A305-94ACD7747E67}.Release|Any CPU.ActiveCfg = Release|Any CPU
		{0E188AF1-DC78-4070-A305-94ACD7747E67}.Release|Any CPU.Build.0 = Release|Any CPU
		{0E188AF1-DC78-4070-A305-94ACD7747E67}.Release|x86.ActiveCfg = Release|Any CPU
		{0E188AF1-DC78-4070-A305-94ACD7747E67}.Release|x86.Build.0 = Release|Any CPU
		{39A79A52-A69E-4A85-AC77-3B3B57F4A43F}.Debug|Any CPU.ActiveCfg = Debug|Any CPU
		{39A79A52-A69E-4A85-AC77-3B3B57F4A43F}.Debug|Any CPU.Build.0 = Debug|Any CPU
		{39A79A52-A69E-4A85-AC77-3B3B57F4A43F}.Debug|x86.ActiveCfg = Debug|Any CPU
		{39A79A52-A69E-4A85-AC77-3B3B57F4A43F}.Debug|x86.Build.0 = Debug|Any CPU
		{39A79A52-A69E-4A85-AC77-3B3B57F4A43F}.Release|Any CPU.ActiveCfg = Release|Any CPU
		{39A79A52-A69E-4A85-AC77-3B3B57F4A43F}.Release|Any CPU.Build.0 = Release|Any CPU
		{39A79A52-A69E-4A85-AC77-3B3B57F4A43F}.Release|x86.ActiveCfg = Release|Any CPU
		{39A79A52-A69E-4A85-AC77-3B3B57F4A43F}.Release|x86.Build.0 = Release|Any CPU
	EndGlobalSection
	GlobalSection(SolutionProperties) = preSolution
		HideSolutionNode = FALSE
	EndGlobalSection
	GlobalSection(ExtensibilityGlobals) = postSolution
		SolutionGuid = {84E4FEE6-1138-4FD7-9617-AB2D86F320D9}
	EndGlobalSection
EndGlobal
